
Microsoft Visual Studio Solution File, Format Version 12.00
# Visual Studio Version 17
VisualStudioVersion = 17.3.32811.315
MinimumVisualStudioVersion = 10.0.40219.1
Project("{FAE04EC0-301F-11D3-BF4B-00C04F79EFBC}") = "test uppgidter", "test uppgidter\test uppgidter.csproj", "{84EA4153-787E-4B80-916A-3FF3427169DF}"
EndProject
Global
	GlobalSection(SolutionConfigurationPlatforms) = preSolution
		Debug|Any CPU = Debug|Any CPU
		Release|Any CPU = Release|Any CPU
	EndGlobalSection
	GlobalSection(ProjectConfigurationPlatforms) = postSolution
		{84EA4153-787E-4B80-916A-3FF3427169DF}.Debug|Any CPU.ActiveCfg = Debug|Any CPU
		{84EA4153-787E-4B80-916A-3FF3427169DF}.Debug|Any CPU.Build.0 = Debug|Any CPU
		{84EA4153-787E-4B80-916A-3FF3427169DF}.Release|Any CPU.ActiveCfg = Release|Any CPU
		{84EA4153-787E-4B80-916A-3FF3427169DF}.Release|Any CPU.Build.0 = Release|Any CPU
	EndGlobalSection
	GlobalSection(SolutionProperties) = preSolution
		HideSolutionNode = FALSE
	EndGlobalSection
	GlobalSection(ExtensibilityGlobals) = postSolution
		SolutionGuid = {48802A7D-1569-4291-91F7-20DB548B90D2}
	EndGlobalSection
EndGlobal
